
Microsoft Visual Studio Solution File, Format Version 12.00
# Visual Studio Version 17
VisualStudioVersion = 17.8.34525.116
MinimumVisualStudioVersion = 10.0.40219.1
Project("{FAE04EC0-301F-11D3-BF4B-00C04F79EFBC}") = "Password", "Password\Password.csproj", "{CACF652E-C9D2-49BF-93C7-23988019BA9B}"
EndProject
Global
	GlobalSection(SolutionConfigurationPlatforms) = preSolution
		Debug|Any CPU = Debug|Any CPU
		Release|Any CPU = Release|Any CPU
	EndGlobalSection
	GlobalSection(ProjectConfigurationPlatforms) = postSolution
		{CACF652E-C9D2-49BF-93C7-23988019BA9B}.Debug|Any CPU.ActiveCfg = Debug|Any CPU
		{CACF652E-C9D2-49BF-93C7-23988019BA9B}.Debug|Any CPU.Build.0 = Debug|Any CPU
		{CACF652E-C9D2-49BF-93C7-23988019BA9B}.Release|Any CPU.ActiveCfg = Release|Any CPU
		{CACF652E-C9D2-49BF-93C7-23988019BA9B}.Release|Any CPU.Build.0 = Release|Any CPU
	EndGlobalSection
	GlobalSection(SolutionProperties) = preSolution
		HideSolutionNode = FALSE
	EndGlobalSection
	GlobalSection(ExtensibilityGlobals) = postSolution
		SolutionGuid = {17AB7EC7-C441-4549-81DA-E2AE0040BF46}
	EndGlobalSection
EndGlobal
